// !$*UTF8*$!
{
	archiveVersion = 1;
	classes = {
	};
	objectVersion = 77;
	objects = {

/* Begin PBXBuildFile section */
		AE19249E2C3F4D3C00673A41 /* GoogleService-Info.plist in Resources */ = {isa = PBXBuildFile; fileRef = AE19249D2C3F4D3C00673A41 /* GoogleService-Info.plist */; };
		AE30612F2E08C74F007EEC39 /* FirebaseAI in Frameworks */ = {isa = PBXBuildFile; productRef = AE30612E2E08C74F007EEC39 /* FirebaseAI */; };
		AE3061312E08C74F007EEC39 /* FirebaseAnalytics in Frameworks */ = {isa = PBXBuildFile; productRef = AE3061302E08C74F007EEC39 /* FirebaseAnalytics */; };
		AE3061332E08C74F007EEC39 /* FirebaseAnalyticsCore in Frameworks */ = {isa = PBXBuildFile; productRef = AE3061322E08C74F007EEC39 /* FirebaseAnalyticsCore */; };
		AE3061352E08C74F007EEC39 /* FirebaseAnalyticsIdentitySupport in Frameworks */ = {isa = PBXBuildFile; productRef = AE3061342E08C74F007EEC39 /* FirebaseAnalyticsIdentitySupport */; };
		AE3061372E08C74F007EEC39 /* FirebaseAnalyticsOnDeviceConversion in Frameworks */ = {isa = PBXBuildFile; productRef = AE3061362E08C74F007EEC39 /* FirebaseAnalyticsOnDeviceConversion */; };
		AE3061392E08C74F007EEC39 /* FirebaseAnalyticsWithoutAdIdSupport in Frameworks */ = {isa = PBXBuildFile; productRef = AE3061382E08C74F007EEC39 /* FirebaseAnalyticsWithoutAdIdSupport */; };
		AE30613B2E08C74F007EEC39 /* FirebaseAppCheck in Frameworks */ = {isa = PBXBuildFile; productRef = AE30613A2E08C74F007EEC39 /* FirebaseAppCheck */; };
		AE30613D2E08C74F007EEC39 /* FirebaseAppDistribution-Beta in Frameworks */ = {isa = PBXBuildFile; productRef = AE30613C2E08C74F007EEC39 /* FirebaseAppDistribution-Beta */; };
		AE30613F2E08C74F007EEC39 /* FirebaseAuth in Frameworks */ = {isa = PBXBuildFile; productRef = AE30613E2E08C74F007EEC39 /* FirebaseAuth */; };
		AE3061412E08C74F007EEC39 /* FirebaseAuthCombine-Community in Frameworks */ = {isa = PBXBuildFile; productRef = AE3061402E08C74F007EEC39 /* FirebaseAuthCombine-Community */; };
		AE3061432E08C74F007EEC39 /* FirebaseCore in Frameworks */ = {isa = PBXBuildFile; productRef = AE3061422E08C74F007EEC39 /* FirebaseCore */; };
		AE3061452E08C74F007EEC39 /* FirebaseCrashlytics in Frameworks */ = {isa = PBXBuildFile; productRef = AE3061442E08C74F007EEC39 /* FirebaseCrashlytics */; };
		AE3061472E08C74F007EEC39 /* FirebaseDatabase in Frameworks */ = {isa = PBXBuildFile; productRef = AE3061462E08C74F007EEC39 /* FirebaseDatabase */; };
		AE3061492E08C74F007EEC39 /* FirebaseDynamicLinks in Frameworks */ = {isa = PBXBuildFile; productRef = AE3061482E08C74F007EEC39 /* FirebaseDynamicLinks */; };
		AE30614B2E08C74F007EEC39 /* FirebaseFirestore in Frameworks */ = {isa = PBXBuildFile; productRef = AE30614A2E08C74F007EEC39 /* FirebaseFirestore */; };
		AE30614D2E08C74F007EEC39 /* FirebaseFirestoreCombine-Community in Frameworks */ = {isa = PBXBuildFile; productRef = AE30614C2E08C74F007EEC39 /* FirebaseFirestoreCombine-Community */; };
		AE30614F2E08C74F007EEC39 /* FirebaseFunctions in Frameworks */ = {isa = PBXBuildFile; productRef = AE30614E2E08C74F007EEC39 /* FirebaseFunctions */; };
		AE3061512E08C74F007EEC39 /* FirebaseFunctionsCombine-Community in Frameworks */ = {isa = PBXBuildFile; productRef = AE3061502E08C74F007EEC39 /* FirebaseFunctionsCombine-Community */; };
		AE3061532E08C74F007EEC39 /* FirebaseInAppMessaging-Beta in Frameworks */ = {isa = PBXBuildFile; productRef = AE3061522E08C74F007EEC39 /* FirebaseInAppMessaging-Beta */; };
		AE3061552E08C74F007EEC39 /* FirebaseInstallations in Frameworks */ = {isa = PBXBuildFile; productRef = AE3061542E08C74F007EEC39 /* FirebaseInstallations */; };
		AE3061572E08C74F007EEC39 /* FirebaseMLModelDownloader in Frameworks */ = {isa = PBXBuildFile; productRef = AE3061562E08C74F007EEC39 /* FirebaseMLModelDownloader */; };
		AE3061592E08C74F007EEC39 /* FirebaseMessaging in Frameworks */ = {isa = PBXBuildFile; productRef = AE3061582E08C74F007EEC39 /* FirebaseMessaging */; };
		AE30615B2E08C74F007EEC39 /* FirebasePerformance in Frameworks */ = {isa = PBXBuildFile; productRef = AE30615A2E08C74F007EEC39 /* FirebasePerformance */; };
		AE30615D2E08C74F007EEC39 /* FirebaseRemoteConfig in Frameworks */ = {isa = PBXBuildFile; productRef = AE30615C2E08C74F007EEC39 /* FirebaseRemoteConfig */; };
		AE30615F2E08C74F007EEC39 /* FirebaseStorage in Frameworks */ = {isa = PBXBuildFile; productRef = AE30615E2E08C74F007EEC39 /* FirebaseStorage */; };
		AE3061612E08C74F007EEC39 /* FirebaseStorageCombine-Community in Frameworks */ = {isa = PBXBuildFile; productRef = AE3061602E08C74F007EEC39 /* FirebaseStorageCombine-Community */; };
		AE3061632E08C74F007EEC39 /* FirebaseVertexAI in Frameworks */ = {isa = PBXBuildFile; productRef = AE3061622E08C74F007EEC39 /* FirebaseVertexAI */; };
		AE58BE0C2E00B507001114FB /* ReceiptParser in Frameworks */ = {isa = PBXBuildFile; productRef = AE58BE0B2E00B507001114FB /* ReceiptParser */; };
		AE58BE0E2E00B507001114FB /* RevenueCat in Frameworks */ = {isa = PBXBuildFile; productRef = AE58BE0D2E00B507001114FB /* RevenueCat */; };
		AE84F30A2E0B05D400C3384D /* RevenueCatUI in Frameworks */ = {isa = PBXBuildFile; productRef = AE58BE0F2E00B507001114FB /* RevenueCatUI */; };
		AE84F3412E0B587000C3384D /* GoogleGenerativeAI in Frameworks */ = {isa = PBXBuildFile; productRef = AE84F3402E0B587000C3384D /* GoogleGenerativeAI */; };
/* End PBXBuildFile section */

/* Begin PBXContainerItemProxy section */
		AE610B032DFF5D740036E1F7 /* PBXContainerItemProxy */ = {
			isa = PBXContainerItemProxy;
			containerPortal = AE610AED2DFF5D710036E1F7 /* Project object */;
			proxyType = 1;
			remoteGlobalIDString = AE610AF42DFF5D710036E1F7;
			remoteInfo = IdentifierBoilerplate;
		};
		AE610B0D2DFF5D740036E1F7 /* PBXContainerItemProxy */ = {
			isa = PBXContainerItemProxy;
			containerPortal = AE610AED2DFF5D710036E1F7 /* Project object */;
			proxyType = 1;
			remoteGlobalIDString = AE610AF42DFF5D710036E1F7;
			remoteInfo = IdentifierBoilerplate;
		};
/* End PBXContainerItemProxy section */

/* Begin PBXFileReference section */
		AE19249D2C3F4D3C00673A41 /* GoogleService-Info.plist */ = {isa = PBXFileReference; lastKnownFileType = text.plist.xml; name = "GoogleService-Info.plist"; path = "rockidentifier/GoogleService-Info.plist"; sourceTree = "<group>"; };
		AE610AF52DFF5D710036E1F7 /* rockidentifier.app */ = {isa = PBXFileReference; explicitFileType = wrapper.application; includeInIndex = 0; path = rockidentifier.app; sourceTree = BUILT_PRODUCTS_DIR; };
		AE610B022DFF5D740036E1F7 /* rockidentifierTests.xctest */ = {isa = PBXFileReference; explicitFileType = wrapper.cfbundle; includeInIndex = 0; path = rockidentifierTests.xctest; sourceTree = BUILT_PRODUCTS_DIR; };
		AE610B0C2DFF5D740036E1F7 /* rockidentifierUITests.xctest */ = {isa = PBXFileReference; explicitFileType = wrapper.cfbundle; includeInIndex = 0; path = rockidentifierUITests.xctest; sourceTree = BUILT_PRODUCTS_DIR; };
/* End PBXFileReference section */

/* Begin PBXFileSystemSynchronizedRootGroup section */
		AE610AF72DFF5D710036E1F7 /* IdentifierBoilerplate */ = {
			isa = PBXFileSystemSynchronizedRootGroup;
			name = IdentifierBoilerplate;
			path = rockidentifier;
			sourceTree = "<group>";
		};
		AE610B052DFF5D740036E1F7 /* IdentifierBoilerplateTests */ = {
			isa = PBXFileSystemSynchronizedRootGroup;
			name = IdentifierBoilerplateTests;
			path = rockidentifierTests;
			sourceTree = "<group>";
		};
		AE610B0F2DFF5D740036E1F7 /* IdentifierBoilerplateUITests */ = {
			isa = PBXFileSystemSynchronizedRootGroup;
			name = IdentifierBoilerplateUITests;
			path = rockidentifierUITests;
			sourceTree = "<group>";
		};
/* End PBXFileSystemSynchronizedRootGroup section */

/* Begin PBXFrameworksBuildPhase section */
		AE610AF22DFF5D710036E1F7 /* Frameworks */ = {
			isa = PBXFrameworksBuildPhase;
			buildActionMask = 2147483647;
			files = (
				AE84F30A2E0B05D400C3384D /* RevenueCatUI in Frameworks */,
				AE3061352E08C74F007EEC39 /* FirebaseAnalyticsIdentitySupport in Frameworks */,
				AE84F3412E0B587000C3384D /* GoogleGenerativeAI in Frameworks */,
				AE3061432E08C74F007EEC39 /* FirebaseCore in Frameworks */,
				AE30615B2E08C74F007EEC39 /* FirebasePerformance in Frameworks */,
				AE30615D2E08C74F007EEC39 /* FirebaseRemoteConfig in Frameworks */,
				AE3061392E08C74F007EEC39 /* FirebaseAnalyticsWithoutAdIdSupport in Frameworks */,
				AE3061552E08C74F007EEC39 /* FirebaseInstallations in Frameworks */,
				AE30612F2E08C74F007EEC39 /* FirebaseAI in Frameworks */,
				AE30614B2E08C74F007EEC39 /* FirebaseFirestore in Frameworks */,
				AE3061572E08C74F007EEC39 /* FirebaseMLModelDownloader in Frameworks */,
				AE3061592E08C74F007EEC39 /* FirebaseMessaging in Frameworks */,
				AE30615F2E08C74F007EEC39 /* FirebaseStorage in Frameworks */,
				AE3061492E08C74F007EEC39 /* FirebaseDynamicLinks in Frameworks */,
				AE3061312E08C74F007EEC39 /* FirebaseAnalytics in Frameworks */,
				AE3061412E08C74F007EEC39 /* FirebaseAuthCombine-Community in Frameworks */,
				AE3061512E08C74F007EEC39 /* FirebaseFunctionsCombine-Community in Frameworks */,
				AE3061532E08C74F007EEC39 /* FirebaseInAppMessaging-Beta in Frameworks */,
				AE3061472E08C74F007EEC39 /* FirebaseDatabase in Frameworks */,
				AE3061372E08C74F007EEC39 /* FirebaseAnalyticsOnDeviceConversion in Frameworks */,
				AE58BE0C2E00B507001114FB /* ReceiptParser in Frameworks */,
				AE30614D2E08C74F007EEC39 /* FirebaseFirestoreCombine-Community in Frameworks */,
				AE3061612E08C74F007EEC39 /* FirebaseStorageCombine-Community in Frameworks */,
				AE3061332E08C74F007EEC39 /* FirebaseAnalyticsCore in Frameworks */,
				AE30614F2E08C74F007EEC39 /* FirebaseFunctions in Frameworks */,
				AE58BE0E2E00B507001114FB /* RevenueCat in Frameworks */,
				AE3061632E08C74F007EEC39 /* FirebaseVertexAI in Frameworks */,
				AE30613F2E08C74F007EEC39 /* FirebaseAuth in Frameworks */,
				AE3061452E08C74F007EEC39 /* FirebaseCrashlytics in Frameworks */,
				AE30613B2E08C74F007EEC39 /* FirebaseAppCheck in Frameworks */,
				AE30613D2E08C74F007EEC39 /* FirebaseAppDistribution-Beta in Frameworks */,
			);
			runOnlyForDeploymentPostprocessing = 0;
		};
		AE610AFF2DFF5D740036E1F7 /* Frameworks */ = {
			isa = PBXFrameworksBuildPhase;
			buildActionMask = 2147483647;
			files = (
			);
			runOnlyForDeploymentPostprocessing = 0;
		};
		AE610B092DFF5D740036E1F7 /* Frameworks */ = {
			isa = PBXFrameworksBuildPhase;
			buildActionMask = 2147483647;
			files = (
			);
			runOnlyForDeploymentPostprocessing = 0;
		};
/* End PBXFrameworksBuildPhase section */

/* Begin PBXGroup section */
		AE610AEC2DFF5D710036E1F7 = {
			isa = PBXGroup;
			children = (
				AE610AF72DFF5D710036E1F7 /* IdentifierBoilerplate */,
				AE610B052DFF5D740036E1F7 /* IdentifierBoilerplateTests */,
				AE610B0F2DFF5D740036E1F7 /* IdentifierBoilerplateUITests */,
				AE610B282DFF76E50036E1F7 /* Frameworks */,
				AE610AF62DFF5D710036E1F7 /* Products */,
				AEBD712D2E17D9E5008991DD /* Recovered References */,
			);
			sourceTree = "<group>";
		};
		AE610AF62DFF5D710036E1F7 /* Products */ = {
			isa = PBXGroup;
			children = (
				AE610AF52DFF5D710036E1F7 /* rockidentifier.app */,
				AE610B022DFF5D740036E1F7 /* rockidentifierTests.xctest */,
				AE610B0C2DFF5D740036E1F7 /* rockidentifierUITests.xctest */,
			);
			name = Products;
			sourceTree = "<group>";
		};
		AE610B282DFF76E50036E1F7 /* Frameworks */ = {
			isa = PBXGroup;
			children = (
			);
			name = Frameworks;
			sourceTree = "<group>";
		};
		AEBD712D2E17D9E5008991DD /* Recovered References */ = {
			isa = PBXGroup;
			children = (
				AE19249D2C3F4D3C00673A41 /* GoogleService-Info.plist */,
			);
			name = "Recovered References";
			sourceTree = "<group>";
		};
/* End PBXGroup section */

/* Begin PBXNativeTarget section */
		AE610AF42DFF5D710036E1F7 /* rockidentifier */ = {
			isa = PBXNativeTarget;
			buildConfigurationList = AE610B162DFF5D740036E1F7 /* Build configuration list for PBXNativeTarget "rockidentifier" */;
			buildPhases = (
				AE610AF12DFF5D710036E1F7 /* Sources */,
				AE610AF22DFF5D710036E1F7 /* Frameworks */,
				AE610AF32DFF5D710036E1F7 /* Resources */,
			);
			buildRules = (
			);
			dependencies = (
			);
			fileSystemSynchronizedGroups = (
				AE610AF72DFF5D710036E1F7 /* IdentifierBoilerplate */,
			);
			name = rockidentifier;
			packageProductDependencies = (
				AE58BE0B2E00B507001114FB /* ReceiptParser */,
				AE58BE0D2E00B507001114FB /* RevenueCat */,
				AE58BE0F2E00B507001114FB /* RevenueCatUI */,
				AE30612E2E08C74F007EEC39 /* FirebaseAI */,
				AE3061302E08C74F007EEC39 /* FirebaseAnalytics */,
				AE3061322E08C74F007EEC39 /* FirebaseAnalyticsCore */,
				AE3061342E08C74F007EEC39 /* FirebaseAnalyticsIdentitySupport */,
				AE3061362E08C74F007EEC39 /* FirebaseAnalyticsOnDeviceConversion */,
				AE3061382E08C74F007EEC39 /* FirebaseAnalyticsWithoutAdIdSupport */,
				AE30613A2E08C74F007EEC39 /* FirebaseAppCheck */,
				AE30613C2E08C74F007EEC39 /* FirebaseAppDistribution-Beta */,
				AE30613E2E08C74F007EEC39 /* FirebaseAuth */,
				AE3061402E08C74F007EEC39 /* FirebaseAuthCombine-Community */,
				AE3061422E08C74F007EEC39 /* FirebaseCore */,
				AE3061442E08C74F007EEC39 /* FirebaseCrashlytics */,
				AE3061462E08C74F007EEC39 /* FirebaseDatabase */,
				AE3061482E08C74F007EEC39 /* FirebaseDynamicLinks */,
				AE30614A2E08C74F007EEC39 /* FirebaseFirestore */,
				AE30614C2E08C74F007EEC39 /* FirebaseFirestoreCombine-Community */,
				AE30614E2E08C74F007EEC39 /* FirebaseFunctions */,
				AE3061502E08C74F007EEC39 /* FirebaseFunctionsCombine-Community */,
				AE3061522E08C74F007EEC39 /* FirebaseInAppMessaging-Beta */,
				AE3061542E08C74F007EEC39 /* FirebaseInstallations */,
				AE3061562E08C74F007EEC39 /* FirebaseMLModelDownloader */,
				AE3061582E08C74F007EEC39 /* FirebaseMessaging */,
				AE30615A2E08C74F007EEC39 /* FirebasePerformance */,
				AE30615C2E08C74F007EEC39 /* FirebaseRemoteConfig */,
				AE30615E2E08C74F007EEC39 /* FirebaseStorage */,
				AE3061602E08C74F007EEC39 /* FirebaseStorageCombine-Community */,
				AE3061622E08C74F007EEC39 /* FirebaseVertexAI */,
				AE84F3402E0B587000C3384D /* GoogleGenerativeAI */,
			);
			productName = Crystara;
			productReference = AE610AF52DFF5D710036E1F7 /* rockidentifier.app */;
			productType = "com.apple.product-type.application";
		};
		AE610B012DFF5D740036E1F7 /* rockidentifierTests */ = {
			isa = PBXNativeTarget;
			buildConfigurationList = AE610B192DFF5D740036E1F7 /* Build configuration list for PBXNativeTarget "rockidentifierTests" */;
			buildPhases = (
				AE610AFE2DFF5D740036E1F7 /* Sources */,
				AE610AFF2DFF5D740036E1F7 /* Frameworks */,
				AE610B002DFF5D740036E1F7 /* Resources */,
			);
			buildRules = (
			);
			dependencies = (
				AE610B042DFF5D740036E1F7 /* PBXTargetDependency */,
			);
			fileSystemSynchronizedGroups = (
				AE610B052DFF5D740036E1F7 /* IdentifierBoilerplateTests */,
			);
			name = rockidentifierTests;
			packageProductDependencies = (
			);
			productName = CrystaraTests;
			productReference = AE610B022DFF5D740036E1F7 /* rockidentifierTests.xctest */;
			productType = "com.apple.product-type.bundle.unit-test";
		};
		AE610B0B2DFF5D740036E1F7 /* rockidentifierUITests */ = {
			isa = PBXNativeTarget;
			buildConfigurationList = AE610B1C2DFF5D740036E1F7 /* Build configuration list for PBXNativeTarget "rockidentifierUITests" */;
			buildPhases = (
				AE610B082DFF5D740036E1F7 /* Sources */,
				AE610B092DFF5D740036E1F7 /* Frameworks */,
				AE610B0A2DFF5D740036E1F7 /* Resources */,
			);
			buildRules = (
			);
			dependencies = (
				AE610B0E2DFF5D740036E1F7 /* PBXTargetDependency */,
			);
			fileSystemSynchronizedGroups = (
				AE610B0F2DFF5D740036E1F7 /* IdentifierBoilerplateUITests */,
			);
			name = rockidentifierUITests;
			packageProductDependencies = (
			);
			productName = CrystaraUITests;
			productReference = AE610B0C2DFF5D740036E1F7 /* rockidentifierUITests.xctest */;
			productType = "com.apple.product-type.bundle.ui-testing";
		};
/* End PBXNativeTarget section */

/* Begin PBXProject section */
		AE610AED2DFF5D710036E1F7 /* Project object */ = {
			isa = PBXProject;
			attributes = {
				BuildIndependentTargetsInParallel = 1;
				LastSwiftUpdateCheck = 1640;
				LastUpgradeCheck = 1640;
				TargetAttributes = {
					AE610AF42DFF5D710036E1F7 = {
						CreatedOnToolsVersion = 16.4;
					};
					AE610B012DFF5D740036E1F7 = {
						CreatedOnToolsVersion = 16.4;
						TestTargetID = AE610AF42DFF5D710036E1F7;
					};
					AE610B0B2DFF5D740036E1F7 = {
						CreatedOnToolsVersion = 16.4;
						TestTargetID = AE610AF42DFF5D710036E1F7;
					};
				};
			};
			buildConfigurationList = AE610AF02DFF5D710036E1F7 /* Build configuration list for PBXProject "rockidentifier" */;
			developmentRegion = en;
			hasScannedForEncodings = 0;
			knownRegions = (
				en,
				Base,
			);
			mainGroup = AE610AEC2DFF5D710036E1F7;
			minimizedProjectReferenceProxies = 1;
			packageReferences = (
				AE58BE0A2E00B507001114FB /* XCRemoteSwiftPackageReference "purchases-ios" */,
				AE30612D2E08C74F007EEC39 /* XCRemoteSwiftPackageReference "firebase-ios-sdk" */,
				AE84F33F2E0B587000C3384D /* XCRemoteSwiftPackageReference "generative-ai-swift" */,
			);
			preferredProjectObjectVersion = 77;
			productRefGroup = AE610AF62DFF5D710036E1F7 /* Products */;
			projectDirPath = "";
			projectRoot = "";
			targets = (
				AE610AF42DFF5D710036E1F7 /* rockidentifier */,
				AE610B012DFF5D740036E1F7 /* rockidentifierTests */,
				AE610B0B2DFF5D740036E1F7 /* rockidentifierUITests */,
			);
		};
/* End PBXProject section */

/* Begin PBXResourcesBuildPhase section */
		AE610AF32DFF5D710036E1F7 /* Resources */ = {
			isa = PBXResourcesBuildPhase;
			buildActionMask = 2147483647;
			files = (
				AE19249E2C3F4D3C00673A41 /* GoogleService-Info.plist in Resources */,
			);
			runOnlyForDeploymentPostprocessing = 0;
		};
		AE610B002DFF5D740036E1F7 /* Resources */ = {
			isa = PBXResourcesBuildPhase;
			buildActionMask = 2147483647;
			files = (
			);
			runOnlyForDeploymentPostprocessing = 0;
		};
		AE610B0A2DFF5D740036E1F7 /* Resources */ = {
			isa = PBXResourcesBuildPhase;
			buildActionMask = 2147483647;
			files = (
			);
			runOnlyForDeploymentPostprocessing = 0;
		};
/* End PBXResourcesBuildPhase section */

/* Begin PBXSourcesBuildPhase section */
		AE610AF12DFF5D710036E1F7 /* Sources */ = {
			isa = PBXSourcesBuildPhase;
			buildActionMask = 2147483647;
			files = (
			);
			runOnlyForDeploymentPostprocessing = 0;
		};
		AE610AFE2DFF5D740036E1F7 /* Sources */ = {
			isa = PBXSourcesBuildPhase;
			buildActionMask = 2147483647;
			files = (
			);
			runOnlyForDeploymentPostprocessing = 0;
		};
		AE610B082DFF5D740036E1F7 /* Sources */ = {
			isa = PBXSourcesBuildPhase;
			buildActionMask = 2147483647;
			files = (
			);
			runOnlyForDeploymentPostprocessing = 0;
		};
/* End PBXSourcesBuildPhase section */

/* Begin PBXTargetDependency section */
		AE610B042DFF5D740036E1F7 /* PBXTargetDependency */ = {
			isa = PBXTargetDependency;
			target = AE610AF42DFF5D710036E1F7 /* rockidentifier */;
			targetProxy = AE610B032DFF5D740036E1F7 /* PBXContainerItemProxy */;
		};
		AE610B0E2DFF5D740036E1F7 /* PBXTargetDependency */ = {
			isa = PBXTargetDependency;
			target = AE610AF42DFF5D710036E1F7 /* rockidentifier */;
			targetProxy = AE610B0D2DFF5D740036E1F7 /* PBXContainerItemProxy */;
		};
/* End PBXTargetDependency section */

/* Begin XCBuildConfiguration section */
		AE610B142DFF5D740036E1F7 /* Debug */ = {
			isa = XCBuildConfiguration;
			buildSettings = {
				ALWAYS_SEARCH_USER_PATHS = NO;
				ASSETCATALOG_COMPILER_GENERATE_SWIFT_ASSET_SYMBOL_EXTENSIONS = YES;
				CLANG_ANALYZER_NONNULL = YES;
				CLANG_ANALYZER_NUMBER_OBJECT_CONVERSION = YES_AGGRESSIVE;
				CLANG_CXX_LANGUAGE_STANDARD = "gnu++20";
				CLANG_ENABLE_MODULES = YES;
				CLANG_ENABLE_OBJC_ARC = YES;
				CLANG_ENABLE_OBJC_WEAK = YES;
				CLANG_WARN_BLOCK_CAPTURE_AUTORELEASING = YES;
				CLANG_WARN_BOOL_CONVERSION = YES;
				CLANG_WARN_COMMA = YES;
				CLANG_WARN_CONSTANT_CONVERSION = YES;
				CLANG_WARN_DEPRECATED_OBJC_IMPLEMENTATIONS = YES;
				CLANG_WARN_DIRECT_OBJC_ISA_USAGE = YES_ERROR;
				CLANG_WARN_DOCUMENTATION_COMMENTS = YES;
				CLANG_WARN_EMPTY_BODY = YES;
				CLANG_WARN_ENUM_CONVERSION = YES;
				CLANG_WARN_INFINITE_RECURSION = YES;
				CLANG_WARN_INT_CONVERSION = YES;
				CLANG_WARN_NON_LITERAL_NULL_CONVERSION = YES;
				CLANG_WARN_OBJC_IMPLICIT_RETAIN_SELF = YES;
				CLANG_WARN_OBJC_LITERAL_CONVERSION = YES;
				CLANG_WARN_OBJC_ROOT_CLASS = YES_ERROR;
				CLANG_WARN_QUOTED_INCLUDE_IN_FRAMEWORK_HEADER = YES;
				CLANG_WARN_RANGE_LOOP_ANALYSIS = YES;
				CLANG_WARN_STRICT_PROTOTYPES = YES;
				CLANG_WARN_SUSPICIOUS_MOVE = YES;
				CLANG_WARN_UNGUARDED_AVAILABILITY = YES_AGGRESSIVE;
				CLANG_WARN_UNREACHABLE_CODE = YES;
				CLANG_WARN__DUPLICATE_METHOD_MATCH = YES;
				COPY_PHASE_STRIP = NO;
				DEBUG_INFORMATION_FORMAT = dwarf;
				DEVELOPMENT_TEAM = U32UL87MFJ;
				ENABLE_STRICT_OBJC_MSGSEND = YES;
				ENABLE_TESTABILITY = YES;
				ENABLE_USER_SCRIPT_SANDBOXING = YES;
				GCC_C_LANGUAGE_STANDARD = gnu17;
				GCC_DYNAMIC_NO_PIC = NO;
				GCC_NO_COMMON_BLOCKS = YES;
				GCC_OPTIMIZATION_LEVEL = 0;
				GCC_PREPROCESSOR_DEFINITIONS = (
					"DEBUG=1",
					"$(inherited)",
				);
				GCC_WARN_64_TO_32_BIT_CONVERSION = YES;
				GCC_WARN_ABOUT_RETURN_TYPE = YES_ERROR;
				GCC_WARN_UNDECLARED_SELECTOR = YES;
				GCC_WARN_UNINITIALIZED_AUTOS = YES_AGGRESSIVE;
				GCC_WARN_UNUSED_FUNCTION = YES;
				GCC_WARN_UNUSED_VARIABLE = YES;
				IPHONEOS_DEPLOYMENT_TARGET = 18.5;
				LOCALIZATION_PREFERS_STRING_CATALOGS = YES;
				MTL_ENABLE_DEBUG_INFO = INCLUDE_SOURCE;
				MTL_FAST_MATH = YES;
				ONLY_ACTIVE_ARCH = YES;
				SDKROOT = iphoneos;
				SWIFT_ACTIVE_COMPILATION_CONDITIONS = "DEBUG $(inherited)";
				SWIFT_OPTIMIZATION_LEVEL = "-Onone";
			};
			name = Debug;
		};
		AE610B152DFF5D740036E1F7 /* Release */ = {
			isa = XCBuildConfiguration;
			buildSettings = {
				ALWAYS_SEARCH_USER_PATHS = NO;
				ASSETCATALOG_COMPILER_GENERATE_SWIFT_ASSET_SYMBOL_EXTENSIONS = YES;
				CLANG_ANALYZER_NONNULL = YES;
				CLANG_ANALYZER_NUMBER_OBJECT_CONVERSION = YES_AGGRESSIVE;
				CLANG_CXX_LANGUAGE_STANDARD = "gnu++20";
				CLANG_ENABLE_MODULES = YES;
				CLANG_ENABLE_OBJC_ARC = YES;
				CLANG_ENABLE_OBJC_WEAK = YES;
				CLANG_WARN_BLOCK_CAPTURE_AUTORELEASING = YES;
				CLANG_WARN_BOOL_CONVERSION = YES;
				CLANG_WARN_COMMA = YES;
				CLANG_WARN_CONSTANT_CONVERSION = YES;
				CLANG_WARN_DEPRECATED_OBJC_IMPLEMENTATIONS = YES;
				CLANG_WARN_DIRECT_OBJC_ISA_USAGE = YES_ERROR;
				CLANG_WARN_DOCUMENTATION_COMMENTS = YES;
				CLANG_WARN_EMPTY_BODY = YES;
				CLANG_WARN_ENUM_CONVERSION = YES;
				CLANG_WARN_INFINITE_RECURSION = YES;
				CLANG_WARN_INT_CONVERSION = YES;
				CLANG_WARN_NON_LITERAL_NULL_CONVERSION = YES;
				CLANG_WARN_OBJC_IMPLICIT_RETAIN_SELF = YES;
				CLANG_WARN_OBJC_LITERAL_CONVERSION = YES;
				CLANG_WARN_OBJC_ROOT_CLASS = YES_ERROR;
				CLANG_WARN_QUOTED_INCLUDE_IN_FRAMEWORK_HEADER = YES;
				CLANG_WARN_RANGE_LOOP_ANALYSIS = YES;
				CLANG_WARN_STRICT_PROTOTYPES = YES;
				CLANG_WARN_SUSPICIOUS_MOVE = YES;
				CLANG_WARN_UNGUARDED_AVAILABILITY = YES_AGGRESSIVE;
				CLANG_WARN_UNREACHABLE_CODE = YES;
				CLANG_WARN__DUPLICATE_METHOD_MATCH = YES;
				COPY_PHASE_STRIP = NO;
				DEBUG_INFORMATION_FORMAT = "dwarf-with-dsym";
				DEVELOPMENT_TEAM = U32UL87MFJ;
				ENABLE_NS_ASSERTIONS = NO;
				ENABLE_STRICT_OBJC_MSGSEND = YES;
				ENABLE_USER_SCRIPT_SANDBOXING = YES;
				GCC_C_LANGUAGE_STANDARD = gnu17;
				GCC_NO_COMMON_BLOCKS = YES;
				GCC_WARN_64_TO_32_BIT_CONVERSION = YES;
				GCC_WARN_ABOUT_RETURN_TYPE = YES_ERROR;
				GCC_WARN_UNDECLARED_SELECTOR = YES;
				GCC_WARN_UNINITIALIZED_AUTOS = YES_AGGRESSIVE;
				GCC_WARN_UNUSED_FUNCTION = YES;
				GCC_WARN_UNUSED_VARIABLE = YES;
				IPHONEOS_DEPLOYMENT_TARGET = 18.5;
				LOCALIZATION_PREFERS_STRING_CATALOGS = YES;
				MTL_ENABLE_DEBUG_INFO = NO;
				MTL_FAST_MATH = YES;
				SDKROOT = iphoneos;
				SWIFT_COMPILATION_MODE = wholemodule;
				VALIDATE_PRODUCT = YES;
			};
			name = Release;
		};
		AE610B172DFF5D740036E1F7 /* Debug */ = {
			isa = XCBuildConfiguration;
			buildSettings = {
				ASSETCATALOG_COMPILER_APPICON_NAME = AppIcon;
				ASSETCATALOG_COMPILER_GLOBAL_ACCENT_COLOR_NAME = AccentColor;
				CODE_SIGN_IDENTITY = "Apple Development";
				CODE_SIGN_STYLE = Automatic;
				CURRENT_PROJECT_VERSION = 1;
				DEVELOPMENT_TEAM = U32UL87MFJ;
				ENABLE_PREVIEWS = YES;
				GENERATE_INFOPLIST_FILE = YES;
				INFOPLIST_KEY_UIApplicationSceneManifest_Generation = YES;
				INFOPLIST_KEY_UIApplicationSupportsIndirectInputEvents = YES;
				INFOPLIST_KEY_UILaunchScreen_Generation = YES;
				INFOPLIST_KEY_UISupportedInterfaceOrientations_iPad = "UIInterfaceOrientationPortrait UIInterfaceOrientationPortraitUpsideDown UIInterfaceOrientationLandscapeLeft UIInterfaceOrientationLandscapeRight";
				INFOPLIST_KEY_UISupportedInterfaceOrientations_iPhone = "UIInterfaceOrientationPortrait UIInterfaceOrientationLandscapeLeft UIInterfaceOrientationLandscapeRight";
				IPHONEOS_DEPLOYMENT_TARGET = 16.6;
				LD_RUNPATH_SEARCH_PATHS = (
					"$(inherited)",
					"@executable_path/Frameworks",
				);
				MARKETING_VERSION = 1.0;
				PRODUCT_BUNDLE_IDENTIFIER = com.josephmp5.rockidentifier;
				PRODUCT_NAME = "$(TARGET_NAME)";
				PROVISIONING_PROFILE_SPECIFIER = "";
				SWIFT_EMIT_LOC_STRINGS = YES;
				SWIFT_VERSION = 5.0;
				TARGETED_DEVICE_FAMILY = "1,2";
			};
			name = Debug;
		};
		AE610B182DFF5D740036E1F7 /* Release */ = {
			isa = XCBuildConfiguration;
			buildSettings = {
				ASSETCATALOG_COMPILER_APPICON_NAME = AppIcon;
				ASSETCATALOG_COMPILER_GLOBAL_ACCENT_COLOR_NAME = AccentColor;
				CODE_SIGN_IDENTITY = "Apple Development";
				CODE_SIGN_STYLE = Automatic;
				CURRENT_PROJECT_VERSION = 1;
				DEVELOPMENT_TEAM = U32UL87MFJ;
				ENABLE_PREVIEWS = YES;
				GENERATE_INFOPLIST_FILE = YES;
				INFOPLIST_KEY_UIApplicationSceneManifest_Generation = YES;
				INFOPLIST_KEY_UIApplicationSupportsIndirectInputEvents = YES;
				INFOPLIST_KEY_UILaunchScreen_Generation = YES;
				INFOPLIST_KEY_UISupportedInterfaceOrientations_iPad = "UIInterfaceOrientationPortrait UIInterfaceOrientationPortraitUpsideDown UIInterfaceOrientationLandscapeLeft UIInterfaceOrientationLandscapeRight";
				INFOPLIST_KEY_UISupportedInterfaceOrientations_iPhone = "UIInterfaceOrientationPortrait UIInterfaceOrientationLandscapeLeft UIInterfaceOrientationLandscapeRight";
				IPHONEOS_DEPLOYMENT_TARGET = 16.6;
				LD_RUNPATH_SEARCH_PATHS = (
					"$(inherited)",
					"@executable_path/Frameworks",
				);
				MARKETING_VERSION = 1.0;
				PRODUCT_BUNDLE_IDENTIFIER = com.josephmp5.rockidentifier;
				PRODUCT_NAME = "$(TARGET_NAME)";
				PROVISIONING_PROFILE_SPECIFIER = "";
				SWIFT_EMIT_LOC_STRINGS = YES;
				SWIFT_VERSION = 5.0;
				TARGETED_DEVICE_FAMILY = "1,2";
			};
			name = Release;
		};
		AE610B1A2DFF5D740036E1F7 /* Debug */ = {
			isa = XCBuildConfiguration;
			buildSettings = {
				BUNDLE_LOADER = "$(TEST_HOST)";
				CODE_SIGN_STYLE = Automatic;
				CURRENT_PROJECT_VERSION = 1;
				DEVELOPMENT_TEAM = U32UL87MFJ;
				GENERATE_INFOPLIST_FILE = YES;
				IPHONEOS_DEPLOYMENT_TARGET = 18.5;
				MARKETING_VERSION = 1.0;
				PRODUCT_BUNDLE_IDENTIFIER = com.josephmp5.IdentifierBoilerplateTests;
				PRODUCT_NAME = "$(TARGET_NAME)";
				SWIFT_EMIT_LOC_STRINGS = NO;
				SWIFT_VERSION = 5.0;
				TARGETED_DEVICE_FAMILY = "1,2";
				TEST_HOST = "$(BUILT_PRODUCTS_DIR)/IdentifierBoilerplate.app/$(BUNDLE_EXECUTABLE_FOLDER_PATH)/IdentifierBoilerplate";
			};
			name = Debug;
		};
		AE610B1B2DFF5D740036E1F7 /* Release */ = {
			isa = XCBuildConfiguration;
			buildSettings = {
				BUNDLE_LOADER = "$(TEST_HOST)";
				CODE_SIGN_STYLE = Automatic;
				CURRENT_PROJECT_VERSION = 1;
				DEVELOPMENT_TEAM = U32UL87MFJ;
				GENERATE_INFOPLIST_FILE = YES;
				IPHONEOS_DEPLOYMENT_TARGET = 18.5;
				MARKETING_VERSION = 1.0;
				PRODUCT_BUNDLE_IDENTIFIER = com.josephmp5.IdentifierBoilerplateTests;
				PRODUCT_NAME = "$(TARGET_NAME)";
				SWIFT_EMIT_LOC_STRINGS = NO;
				SWIFT_VERSION = 5.0;
				TARGETED_DEVICE_FAMILY = "1,2";
				TEST_HOST = "$(BUILT_PRODUCTS_DIR)/IdentifierBoilerplate.app/$(BUNDLE_EXECUTABLE_FOLDER_PATH)/IdentifierBoilerplate";
			};
			name = Release;
		};
		AE610B1D2DFF5D740036E1F7 /* Debug */ = {
			isa = XCBuildConfiguration;
			buildSettings = {
				CODE_SIGN_STYLE = Automatic;
				CURRENT_PROJECT_VERSION = 1;
				DEVELOPMENT_TEAM = U32UL87MFJ;
				GENERATE_INFOPLIST_FILE = YES;
				MARKETING_VERSION = 1.0;
				PRODUCT_BUNDLE_IDENTIFIER = com.josephmp5.IdentifierBoilerplateUITests;
				PRODUCT_NAME = "$(TARGET_NAME)";
				SWIFT_EMIT_LOC_STRINGS = NO;
				SWIFT_VERSION = 5.0;
				TARGETED_DEVICE_FAMILY = "1,2";
				TEST_TARGET_NAME = IdentifierBoilerplate;
			};
			name = Debug;
		};
		AE610B1E2DFF5D740036E1F7 /* Release */ = {
			isa = XCBuildConfiguration;
			buildSettings = {
				CODE_SIGN_STYLE = Automatic;
				CURRENT_PROJECT_VERSION = 1;
				DEVELOPMENT_TEAM = U32UL87MFJ;
				GENERATE_INFOPLIST_FILE = YES;
				MARKETING_VERSION = 1.0;
				PRODUCT_BUNDLE_IDENTIFIER = com.josephmp5.IdentifierBoilerplateUITests;
				PRODUCT_NAME = "$(TARGET_NAME)";
				SWIFT_EMIT_LOC_STRINGS = NO;
				SWIFT_VERSION = 5.0;
				TARGETED_DEVICE_FAMILY = "1,2";
				TEST_TARGET_NAME = IdentifierBoilerplate;
			};
			name = Release;
		};
/* End XCBuildConfiguration section */

/* Begin XCConfigurationList section */
		AE610AF02DFF5D710036E1F7 /* Build configuration list for PBXProject "rockidentifier" */ = {
			isa = XCConfigurationList;
			buildConfigurations = (
				AE610B142DFF5D740036E1F7 /* Debug */,
				AE610B152DFF5D740036E1F7 /* Release */,
			);
			defaultConfigurationIsVisible = 0;
			defaultConfigurationName = Release;
		};
		AE610B162DFF5D740036E1F7 /* Build configuration list for PBXNativeTarget "rockidentifier" */ = {
			isa = XCConfigurationList;
			buildConfigurations = (
				AE610B172DFF5D740036E1F7 /* Debug */,
				AE610B182DFF5D740036E1F7 /* Release */,
			);
			defaultConfigurationIsVisible = 0;
			defaultConfigurationName = Release;
		};
		AE610B192DFF5D740036E1F7 /* Build configuration list for PBXNativeTarget "rockidentifierTests" */ = {
			isa = XCConfigurationList;
			buildConfigurations = (
				AE610B1A2DFF5D740036E1F7 /* Debug */,
				AE610B1B2DFF5D740036E1F7 /* Release */,
			);
			defaultConfigurationIsVisible = 0;
			defaultConfigurationName = Release;
		};
		AE610B1C2DFF5D740036E1F7 /* Build configuration list for PBXNativeTarget "rockidentifierUITests" */ = {
			isa = XCConfigurationList;
			buildConfigurations = (
				AE610B1D2DFF5D740036E1F7 /* Debug */,
				AE610B1E2DFF5D740036E1F7 /* Release */,
			);
			defaultConfigurationIsVisible = 0;
			defaultConfigurationName = Release;
		};
/* End XCConfigurationList section */

/* Begin XCRemoteSwiftPackageReference section */
		AE30612D2E08C74F007EEC39 /* XCRemoteSwiftPackageReference "firebase-ios-sdk" */ = {
			isa = XCRemoteSwiftPackageReference;
			repositoryURL = "https://github.com/firebase/firebase-ios-sdk.git";
			requirement = {
				kind = upToNextMajorVersion;
				minimumVersion = 11.14.0;
			};
		};
		AE58BE0A2E00B507001114FB /* XCRemoteSwiftPackageReference "purchases-ios" */ = {
			isa = XCRemoteSwiftPackageReference;
			repositoryURL = "https://github.com/RevenueCat/purchases-ios.git";
			requirement = {
				kind = upToNextMajorVersion;
				minimumVersion = 5.28.1;
			};
		};
		AE84F33F2E0B587000C3384D /* XCRemoteSwiftPackageReference "generative-ai-swift" */ = {
			isa = XCRemoteSwiftPackageReference;
			repositoryURL = "https://github.com/google/generative-ai-swift";
			requirement = {
				kind = upToNextMajorVersion;
				minimumVersion = 0.5.6;
			};
		};
/* End XCRemoteSwiftPackageReference section */

/* Begin XCSwiftPackageProductDependency section */
		AE30612E2E08C74F007EEC39 /* FirebaseAI */ = {
			isa = XCSwiftPackageProductDependency;
			package = AE30612D2E08C74F007EEC39 /* XCRemoteSwiftPackageReference "firebase-ios-sdk" */;
			productName = FirebaseAI;
		};
		AE3061302E08C74F007EEC39 /* FirebaseAnalytics */ = {
			isa = XCSwiftPackageProductDependency;
			package = AE30612D2E08C74F007EEC39 /* XCRemoteSwiftPackageReference "firebase-ios-sdk" */;
			productName = FirebaseAnalytics;
		};
		AE3061322E08C74F007EEC39 /* FirebaseAnalyticsCore */ = {
			isa = XCSwiftPackageProductDependency;
			package = AE30612D2E08C74F007EEC39 /* XCRemoteSwiftPackageReference "firebase-ios-sdk" */;
			productName = FirebaseAnalyticsCore;
		};
		AE3061342E08C74F007EEC39 /* FirebaseAnalyticsIdentitySupport */ = {
			isa = XCSwiftPackageProductDependency;
			package = AE30612D2E08C74F007EEC39 /* XCRemoteSwiftPackageReference "firebase-ios-sdk" */;
			productName = FirebaseAnalyticsIdentitySupport;
		};
		AE3061362E08C74F007EEC39 /* FirebaseAnalyticsOnDeviceConversion */ = {
			isa = XCSwiftPackageProductDependency;
			package = AE30612D2E08C74F007EEC39 /* XCRemoteSwiftPackageReference "firebase-ios-sdk" */;
			productName = FirebaseAnalyticsOnDeviceConversion;
		};
		AE3061382E08C74F007EEC39 /* FirebaseAnalyticsWithoutAdIdSupport */ = {
			isa = XCSwiftPackageProductDependency;
			package = AE30612D2E08C74F007EEC39 /* XCRemoteSwiftPackageReference "firebase-ios-sdk" */;
			productName = FirebaseAnalyticsWithoutAdIdSupport;
		};
		AE30613A2E08C74F007EEC39 /* FirebaseAppCheck */ = {
			isa = XCSwiftPackageProductDependency;
			package = AE30612D2E08C74F007EEC39 /* XCRemoteSwiftPackageReference "firebase-ios-sdk" */;
			productName = FirebaseAppCheck;
		};
		AE30613C2E08C74F007EEC39 /* FirebaseAppDistribution-Beta */ = {
			isa = XCSwiftPackageProductDependency;
			package = AE30612D2E08C74F007EEC39 /* XCRemoteSwiftPackageReference "firebase-ios-sdk" */;
			productName = "FirebaseAppDistribution-Beta";
		};
		AE30613E2E08C74F007EEC39 /* FirebaseAuth */ = {
			isa = XCSwiftPackageProductDependency;
			package = AE30612D2E08C74F007EEC39 /* XCRemoteSwiftPackageReference "firebase-ios-sdk" */;
			productName = FirebaseAuth;
		};
		AE3061402E08C74F007EEC39 /* FirebaseAuthCombine-Community */ = {
			isa = XCSwiftPackageProductDependency;
			package = AE30612D2E08C74F007EEC39 /* XCRemoteSwiftPackageReference "firebase-ios-sdk" */;
			productName = "FirebaseAuthCombine-Community";
		};
		AE3061422E08C74F007EEC39 /* FirebaseCore */ = {
			isa = XCSwiftPackageProductDependency;
			package = AE30612D2E08C74F007EEC39 /* XCRemoteSwiftPackageReference "firebase-ios-sdk" */;
			productName = FirebaseCore;
		};
		AE3061442E08C74F007EEC39 /* FirebaseCrashlytics */ = {
			isa = XCSwiftPackageProductDependency;
			package = AE30612D2E08C74F007EEC39 /* XCRemoteSwiftPackageReference "firebase-ios-sdk" */;
			productName = FirebaseCrashlytics;
		};
		AE3061462E08C74F007EEC39 /* FirebaseDatabase */ = {
			isa = XCSwiftPackageProductDependency;
			package = AE30612D2E08C74F007EEC39 /* XCRemoteSwiftPackageReference "firebase-ios-sdk" */;
			productName = FirebaseDatabase;
		};
		AE3061482E08C74F007EEC39 /* FirebaseDynamicLinks */ = {
			isa = XCSwiftPackageProductDependency;
			package = AE30612D2E08C74F007EEC39 /* XCRemoteSwiftPackageReference "firebase-ios-sdk" */;
			productName = FirebaseDynamicLinks;
		};
		AE30614A2E08C74F007EEC39 /* FirebaseFirestore */ = {
			isa = XCSwiftPackageProductDependency;
			package = AE30612D2E08C74F007EEC39 /* XCRemoteSwiftPackageReference "firebase-ios-sdk" */;
			productName = FirebaseFirestore;
		};
		AE30614C2E08C74F007EEC39 /* FirebaseFirestoreCombine-Community */ = {
			isa = XCSwiftPackageProductDependency;
			package = AE30612D2E08C74F007EEC39 /* XCRemoteSwiftPackageReference "firebase-ios-sdk" */;
			productName = "FirebaseFirestoreCombine-Community";
		};
		AE30614E2E08C74F007EEC39 /* FirebaseFunctions */ = {
			isa = XCSwiftPackageProductDependency;
			package = AE30612D2E08C74F007EEC39 /* XCRemoteSwiftPackageReference "firebase-ios-sdk" */;
			productName = FirebaseFunctions;
		};
		AE3061502E08C74F007EEC39 /* FirebaseFunctionsCombine-Community */ = {
			isa = XCSwiftPackageProductDependency;
			package = AE30612D2E08C74F007EEC39 /* XCRemoteSwiftPackageReference "firebase-ios-sdk" */;
			productName = "FirebaseFunctionsCombine-Community";
		};
		AE3061522E08C74F007EEC39 /* FirebaseInAppMessaging-Beta */ = {
			isa = XCSwiftPackageProductDependency;
			package = AE30612D2E08C74F007EEC39 /* XCRemoteSwiftPackageReference "firebase-ios-sdk" */;
			productName = "FirebaseInAppMessaging-Beta";
		};
		AE3061542E08C74F007EEC39 /* FirebaseInstallations */ = {
			isa = XCSwiftPackageProductDependency;
			package = AE30612D2E08C74F007EEC39 /* XCRemoteSwiftPackageReference "firebase-ios-sdk" */;
			productName = FirebaseInstallations;
		};
		AE3061562E08C74F007EEC39 /* FirebaseMLModelDownloader */ = {
			isa = XCSwiftPackageProductDependency;
			package = AE30612D2E08C74F007EEC39 /* XCRemoteSwiftPackageReference "firebase-ios-sdk" */;
			productName = FirebaseMLModelDownloader;
		};
		AE3061582E08C74F007EEC39 /* FirebaseMessaging */ = {
			isa = XCSwiftPackageProductDependency;
			package = AE30612D2E08C74F007EEC39 /* XCRemoteSwiftPackageReference "firebase-ios-sdk" */;
			productName = FirebaseMessaging;
		};
		AE30615A2E08C74F007EEC39 /* FirebasePerformance */ = {
			isa = XCSwiftPackageProductDependency;
			package = AE30612D2E08C74F007EEC39 /* XCRemoteSwiftPackageReference "firebase-ios-sdk" */;
			productName = FirebasePerformance;
		};
		AE30615C2E08C74F007EEC39 /* FirebaseRemoteConfig */ = {
			isa = XCSwiftPackageProductDependency;
			package = AE30612D2E08C74F007EEC39 /* XCRemoteSwiftPackageReference "firebase-ios-sdk" */;
			productName = FirebaseRemoteConfig;
		};
		AE30615E2E08C74F007EEC39 /* FirebaseStorage */ = {
			isa = XCSwiftPackageProductDependency;
			package = AE30612D2E08C74F007EEC39 /* XCRemoteSwiftPackageReference "firebase-ios-sdk" */;
			productName = FirebaseStorage;
		};
		AE3061602E08C74F007EEC39 /* FirebaseStorageCombine-Community */ = {
			isa = XCSwiftPackageProductDependency;
			package = AE30612D2E08C74F007EEC39 /* XCRemoteSwiftPackageReference "firebase-ios-sdk" */;
			productName = "FirebaseStorageCombine-Community";
		};
		AE3061622E08C74F007EEC39 /* FirebaseVertexAI */ = {
			isa = XCSwiftPackageProductDependency;
			package = AE30612D2E08C74F007EEC39 /* XCRemoteSwiftPackageReference "firebase-ios-sdk" */;
			productName = FirebaseVertexAI;
		};
		AE58BE0B2E00B507001114FB /* ReceiptParser */ = {
			isa = XCSwiftPackageProductDependency;
			package = AE58BE0A2E00B507001114FB /* XCRemoteSwiftPackageReference "purchases-ios" */;
			productName = ReceiptParser;
		};
		AE58BE0D2E00B507001114FB /* RevenueCat */ = {
			isa = XCSwiftPackageProductDependency;
			package = AE58BE0A2E00B507001114FB /* XCRemoteSwiftPackageReference "purchases-ios" */;
			productName = RevenueCat;
		};
		AE58BE0F2E00B507001114FB /* RevenueCatUI */ = {
			isa = XCSwiftPackageProductDependency;
			package = AE58BE0A2E00B507001114FB /* XCRemoteSwiftPackageReference "purchases-ios" */;
			productName = RevenueCatUI;
		};
		AE84F3402E0B587000C3384D /* GoogleGenerativeAI */ = {
			isa = XCSwiftPackageProductDependency;
			package = AE84F33F2E0B587000C3384D /* XCRemoteSwiftPackageReference "generative-ai-swift" */;
			productName = GoogleGenerativeAI;
		};
/* End XCSwiftPackageProductDependency section */
	};
	rootObject = AE610AED2DFF5D710036E1F7 /* Project object */;
}
